
Microsoft Visual Studio Solution File, Format Version 12.00
# Visual Studio Version 17
VisualStudioVersion = 17.4.33110.190
MinimumVisualStudioVersion = 10.0.40219.1
Project("{FAE04EC0-301F-11D3-BF4B-00C04F79EFBC}") = "PythonnetSample.Tests", "PythonnetSample.Tests\PythonnetSample.Tests.csproj", "{34CA619C-BB27-4E84-B818-F52449E3A4D8}"
EndProject
Project("{9A19103F-16F7-4668-BE54-9A1E7A4F7556}") = "PythonnetSample.ConsoleApp", "PythonnetSample.Console\PythonnetSample.ConsoleApp.csproj", "{496C157D-C710-4EE3-8C25-FF4FDF34997B}"
EndProject
Project("{FAE04EC0-301F-11D3-BF4B-00C04F79EFBC}") = "PythonnetSample.Bll", "PythonnetSample.Bll\PythonnetSample.Bll.csproj", "{5C19270E-5C42-4640-BC0E-C68557951105}"
EndProject
Global
	GlobalSection(SolutionConfigurationPlatforms) = preSolution
		Debug|Any CPU = Debug|Any CPU
		Release|Any CPU = Release|Any CPU
	EndGlobalSection
	GlobalSection(ProjectConfigurationPlatforms) = postSolution
		{34CA619C-BB27-4E84-B818-F52449E3A4D8}.Debug|Any CPU.ActiveCfg = Debug|Any CPU
		{34CA619C-BB27-4E84-B818-F52449E3A4D8}.Debug|Any CPU.Build.0 = Debug|Any CPU
		{34CA619C-BB27-4E84-B818-F52449E3A4D8}.Release|Any CPU.ActiveCfg = Release|Any CPU
		{34CA619C-BB27-4E84-B818-F52449E3A4D8}.Release|Any CPU.Build.0 = Release|Any CPU
		{496C157D-C710-4EE3-8C25-FF4FDF34997B}.Debug|Any CPU.ActiveCfg = Debug|Any CPU
		{496C157D-C710-4EE3-8C25-FF4FDF34997B}.Debug|Any CPU.Build.0 = Debug|Any CPU
		{496C157D-C710-4EE3-8C25-FF4FDF34997B}.Release|Any CPU.ActiveCfg = Release|Any CPU
		{496C157D-C710-4EE3-8C25-FF4FDF34997B}.Release|Any CPU.Build.0 = Release|Any CPU
		{5C19270E-5C42-4640-BC0E-C68557951105}.Debug|Any CPU.ActiveCfg = Debug|Any CPU
		{5C19270E-5C42-4640-BC0E-C68557951105}.Debug|Any CPU.Build.0 = Debug|Any CPU
		{5C19270E-5C42-4640-BC0E-C68557951105}.Release|Any CPU.ActiveCfg = Release|Any CPU
		{5C19270E-5C42-4640-BC0E-C68557951105}.Release|Any CPU.Build.0 = Release|Any CPU
	EndGlobalSection
	GlobalSection(SolutionProperties) = preSolution
		HideSolutionNode = FALSE
	EndGlobalSection
	GlobalSection(ExtensibilityGlobals) = postSolution
		SolutionGuid = {EE3401C5-F3CE-4263-964B-6857E91BC606}
	EndGlobalSection
EndGlobal
